{
  "name": "q2g-ext-selector",
  "version": "1.0.0",
  "lockfileVersion": 1,
  "dependencies": {
    "@types/angular": {
      "version": "https://registry.npmjs.org/@types/angular/-/angular-1.6.27.tgz",
      "integrity": "sha1-0Y/rYR4j/IXDyYsbX3anzs5W3g0=",
      "dev": true
    },
    "@types/jquery": {
      "version": "https://registry.npmjs.org/@types/jquery/-/jquery-2.0.34.tgz",
      "integrity": "sha1-J2FbNp8w5XIzYSZRTnRnLdpuPQQ=",
      "dev": true
    },
    "@types/qlik-engineapi": {
      "version": "https://registry.npmjs.org/@types/qlik-engineapi/-/qlik-engineapi-3.2.0.tgz",
      "integrity": "sha1-+qm21qxwGBOEhpsIIKEBgTy2dlk=",
      "dev": true
    },
    "@types/qlik-visualizationextensions": {
      "version": "https://registry.npmjs.org/@types/qlik-visualizationextensions/-/qlik-visualizationextensions-3.2.3.tgz",
      "integrity": "sha1-UFlhqcrRTcQg5gm9QMQozsoaPeQ=",
      "dev": true
    }
  }
}
