
Microsoft Visual Studio Solution File, Format Version 12.00
# Visual Studio 15
VisualStudioVersion = 15.0.26730.3
MinimumVisualStudioVersion = 10.0.40219.1
Project("{FAE04EC0-301F-11D3-BF4B-00C04F79EFBC}") = "q2g-ext-selector", "q2g-ext-selector.csproj", "{3EC005AB-260D-4CFF-BCCF-B45A43384239}"
EndProject
Global
	GlobalSection(SolutionConfigurationPlatforms) = preSolution
		Debug|Any CPU = Debug|Any CPU
		Release|Any CPU = Release|Any CPU
	EndGlobalSection
	GlobalSection(ProjectConfigurationPlatforms) = postSolution
		{3EC005AB-260D-4CFF-BCCF-B45A43384239}.Debug|Any CPU.ActiveCfg = Debug|Any CPU
		{3EC005AB-260D-4CFF-BCCF-B45A43384239}.Debug|Any CPU.Build.0 = Debug|Any CPU
		{3EC005AB-260D-4CFF-BCCF-B45A43384239}.Release|Any CPU.ActiveCfg = Debug|Any CPU
		{3EC005AB-260D-4CFF-BCCF-B45A43384239}.Release|Any CPU.Build.0 = Debug|Any CPU
	EndGlobalSection
	GlobalSection(SolutionProperties) = preSolution
		HideSolutionNode = FALSE
	EndGlobalSection
	GlobalSection(ExtensibilityGlobals) = postSolution
		SolutionGuid = {1FB56F3D-20A0-4E6F-B312-7ED3495A90BD}
	EndGlobalSection
EndGlobal
